// !$*UTF8*$!
{
	archiveVersion = 1;
	classes = {
	};
	objectVersion = 56;
	objects = {

/* Begin PBXBuildFile section */
		0D28CF8128FF28390023381B /* Assets.xcassets in Resources */ = {isa = PBXBuildFile; fileRef = 0D28CF8028FF28390023381B /* Assets.xcassets */; };
		0D28CF8428FF28390023381B /* Preview Assets.xcassets in Resources */ = {isa = PBXBuildFile; fileRef = 0D28CF8328FF28390023381B /* Preview Assets.xcassets */; };
		0D28CF8E28FF28390023381B /* Flora_FaunaTests.swift in Sources */ = {isa = PBXBuildFile; fileRef = 0D28CF8D28FF28390023381B /* Flora_FaunaTests.swift */; };
		0D28CF9828FF28390023381B /* Flora_FaunaUITests.swift in Sources */ = {isa = PBXBuildFile; fileRef = 0D28CF9728FF28390023381B /* Flora_FaunaUITests.swift */; };
		0D28CF9A28FF28390023381B /* Flora_FaunaUITestsLaunchTests.swift in Sources */ = {isa = PBXBuildFile; fileRef = 0D28CF9928FF28390023381B /* Flora_FaunaUITestsLaunchTests.swift */; };
		0D28CFA728FF28920023381B /* LoginView.swift in Sources */ = {isa = PBXBuildFile; fileRef = 0D28CFA628FF28920023381B /* LoginView.swift */; };
		0D28CFA9290761060023381B /* SignInView.swift in Sources */ = {isa = PBXBuildFile; fileRef = 0D28CFA8290761060023381B /* SignInView.swift */; };
		0D28CFAB290761230023381B /* HomeView.swift in Sources */ = {isa = PBXBuildFile; fileRef = 0D28CFAA290761230023381B /* HomeView.swift */; };
		0D28CFAF2907618B0023381B /* CycleView.swift in Sources */ = {isa = PBXBuildFile; fileRef = 0D28CFAE2907618B0023381B /* CycleView.swift */; };
		0D28CFB1290761A00023381B /* TeleHealthView.swift in Sources */ = {isa = PBXBuildFile; fileRef = 0D28CFB0290761A00023381B /* TeleHealthView.swift */; };
		0D28CFB3290761B70023381B /* ForumView.swift in Sources */ = {isa = PBXBuildFile; fileRef = 0D28CFB2290761B70023381B /* ForumView.swift */; };
		0D28CFB5290761DA0023381B /* WelcomeView.swift in Sources */ = {isa = PBXBuildFile; fileRef = 0D28CFB4290761DA0023381B /* WelcomeView.swift */; };
		0DCBABE72909879D00F65A9E /* GoogleService-Info.plist in Resources */ = {isa = PBXBuildFile; fileRef = 0DCBABE62909879D00F65A9E /* GoogleService-Info.plist */; };
		0DCBABEA2909893F00F65A9E /* FirebaseAnalytics in Frameworks */ = {isa = PBXBuildFile; productRef = 0DCBABE92909893F00F65A9E /* FirebaseAnalytics */; };
		0DCBABEC2909893F00F65A9E /* FirebaseAnalyticsOnDeviceConversion in Frameworks */ = {isa = PBXBuildFile; productRef = 0DCBABEB2909893F00F65A9E /* FirebaseAnalyticsOnDeviceConversion */; };
		0DCBABEE2909893F00F65A9E /* FirebaseAnalyticsSwift in Frameworks */ = {isa = PBXBuildFile; productRef = 0DCBABED2909893F00F65A9E /* FirebaseAnalyticsSwift */; };
		0DCBABF02909893F00F65A9E /* FirebaseAnalyticsWithoutAdIdSupport in Frameworks */ = {isa = PBXBuildFile; productRef = 0DCBABEF2909893F00F65A9E /* FirebaseAnalyticsWithoutAdIdSupport */; };
		0DCBABF22909893F00F65A9E /* FirebaseAppCheck in Frameworks */ = {isa = PBXBuildFile; productRef = 0DCBABF12909893F00F65A9E /* FirebaseAppCheck */; };
		0DCBABF42909893F00F65A9E /* FirebaseAppDistribution-Beta in Frameworks */ = {isa = PBXBuildFile; productRef = 0DCBABF32909893F00F65A9E /* FirebaseAppDistribution-Beta */; };
		0DCBABF62909893F00F65A9E /* FirebaseAuth in Frameworks */ = {isa = PBXBuildFile; productRef = 0DCBABF52909893F00F65A9E /* FirebaseAuth */; };
		0DCBABF82909893F00F65A9E /* FirebaseAuthCombine-Community in Frameworks */ = {isa = PBXBuildFile; productRef = 0DCBABF72909893F00F65A9E /* FirebaseAuthCombine-Community */; };
		0DCBABFA2909893F00F65A9E /* FirebaseCrashlytics in Frameworks */ = {isa = PBXBuildFile; productRef = 0DCBABF92909893F00F65A9E /* FirebaseCrashlytics */; };
		0DCBABFC2909893F00F65A9E /* FirebaseDatabase in Frameworks */ = {isa = PBXBuildFile; productRef = 0DCBABFB2909893F00F65A9E /* FirebaseDatabase */; };
		0DCBABFE2909893F00F65A9E /* FirebaseDatabaseSwift in Frameworks */ = {isa = PBXBuildFile; productRef = 0DCBABFD2909893F00F65A9E /* FirebaseDatabaseSwift */; };
		0DCBAC002909893F00F65A9E /* FirebaseDynamicLinks in Frameworks */ = {isa = PBXBuildFile; productRef = 0DCBABFF2909893F00F65A9E /* FirebaseDynamicLinks */; };
		0DCBAC022909893F00F65A9E /* FirebaseFirestore in Frameworks */ = {isa = PBXBuildFile; productRef = 0DCBAC012909893F00F65A9E /* FirebaseFirestore */; };
		0DCBAC042909893F00F65A9E /* FirebaseFirestoreCombine-Community in Frameworks */ = {isa = PBXBuildFile; productRef = 0DCBAC032909893F00F65A9E /* FirebaseFirestoreCombine-Community */; };
		0DCBAC062909893F00F65A9E /* FirebaseFirestoreSwift in Frameworks */ = {isa = PBXBuildFile; productRef = 0DCBAC052909893F00F65A9E /* FirebaseFirestoreSwift */; };
		0DCBAC082909893F00F65A9E /* FirebaseFunctions in Frameworks */ = {isa = PBXBuildFile; productRef = 0DCBAC072909893F00F65A9E /* FirebaseFunctions */; };
		0DCBAC0A2909893F00F65A9E /* FirebaseFunctionsCombine-Community in Frameworks */ = {isa = PBXBuildFile; productRef = 0DCBAC092909893F00F65A9E /* FirebaseFunctionsCombine-Community */; };
		0DCBAC0C2909893F00F65A9E /* FirebaseInAppMessaging-Beta in Frameworks */ = {isa = PBXBuildFile; productRef = 0DCBAC0B2909893F00F65A9E /* FirebaseInAppMessaging-Beta */; };
		0DCBAC0E2909893F00F65A9E /* FirebaseInAppMessagingSwift-Beta in Frameworks */ = {isa = PBXBuildFile; productRef = 0DCBAC0D2909893F00F65A9E /* FirebaseInAppMessagingSwift-Beta */; };
		0DCBAC102909893F00F65A9E /* FirebaseInstallations in Frameworks */ = {isa = PBXBuildFile; productRef = 0DCBAC0F2909893F00F65A9E /* FirebaseInstallations */; };
		0DCBAC122909893F00F65A9E /* FirebaseMLModelDownloader in Frameworks */ = {isa = PBXBuildFile; productRef = 0DCBAC112909893F00F65A9E /* FirebaseMLModelDownloader */; };
		0DCBAC142909893F00F65A9E /* FirebaseMessaging in Frameworks */ = {isa = PBXBuildFile; productRef = 0DCBAC132909893F00F65A9E /* FirebaseMessaging */; };
		0DCBAC162909893F00F65A9E /* FirebasePerformance in Frameworks */ = {isa = PBXBuildFile; productRef = 0DCBAC152909893F00F65A9E /* FirebasePerformance */; };
		0DCBAC182909893F00F65A9E /* FirebaseRemoteConfig in Frameworks */ = {isa = PBXBuildFile; productRef = 0DCBAC172909893F00F65A9E /* FirebaseRemoteConfig */; };
		0DCBAC1A2909893F00F65A9E /* FirebaseRemoteConfigSwift in Frameworks */ = {isa = PBXBuildFile; productRef = 0DCBAC192909893F00F65A9E /* FirebaseRemoteConfigSwift */; };
		0DCBAC1C2909893F00F65A9E /* FirebaseStorage in Frameworks */ = {isa = PBXBuildFile; productRef = 0DCBAC1B2909893F00F65A9E /* FirebaseStorage */; };
		0DCBAC1E2909893F00F65A9E /* FirebaseStorageCombine-Community in Frameworks */ = {isa = PBXBuildFile; productRef = 0DCBAC1D2909893F00F65A9E /* FirebaseStorageCombine-Community */; };
		0DCBAC2229098EA400F65A9E /* LaunchScreen.storyboard in Resources */ = {isa = PBXBuildFile; fileRef = 0DCBAC2129098EA400F65A9E /* LaunchScreen.storyboard */; };
		0DCBAC2C2909959E00F65A9E /* OnboardingSlide.swift in Sources */ = {isa = PBXBuildFile; fileRef = 0DCBAC2B2909959E00F65A9E /* OnboardingSlide.swift */; };
		0DCBAC2F29099A4500F65A9E /* OnboardingCollectionViewCell.swift in Sources */ = {isa = PBXBuildFile; fileRef = 0DCBAC2E29099A4500F65A9E /* OnboardingCollectionViewCell.swift */; };
		0DCBAC3129099D4000F65A9E /* UIViewController+Extension.swift in Sources */ = {isa = PBXBuildFile; fileRef = 0DCBAC3029099D4000F65A9E /* UIViewController+Extension.swift */; };
		0DCBAC3329099DAA00F65A9E /* UIView+Extension.swift in Sources */ = {isa = PBXBuildFile; fileRef = 0DCBAC3229099DAA00F65A9E /* UIView+Extension.swift */; };
		0DCBAC3529099E0000F65A9E /* String+Extension.swift in Sources */ = {isa = PBXBuildFile; fileRef = 0DCBAC3429099E0000F65A9E /* String+Extension.swift */; };
		0DCBAC3729099E2D00F65A9E /* UserDefaults+Extension.swift in Sources */ = {isa = PBXBuildFile; fileRef = 0DCBAC3629099E2D00F65A9E /* UserDefaults+Extension.swift */; };
		0DCBAC3A29099FF800F65A9E /* MapStoryboard.storyboard in Resources */ = {isa = PBXBuildFile; fileRef = 0DCBAC3929099FF800F65A9E /* MapStoryboard.storyboard */; };
		0DCBAC3F2909A37E00F65A9E /* OnboardingViewController.swift in Sources */ = {isa = PBXBuildFile; fileRef = 0DCBAC3E2909A37E00F65A9E /* OnboardingViewController.swift */; };
		0DCBAC412909A8CF00F65A9E /* Main.storyboard in Resources */ = {isa = PBXBuildFile; fileRef = 0DCBAC402909A8CF00F65A9E /* Main.storyboard */; };
		0DCBAC462909B59000F65A9E /* AppDelegate.swift in Sources */ = {isa = PBXBuildFile; fileRef = 0DCBAC452909B59000F65A9E /* AppDelegate.swift */; };
		0DCBAC482909B9F700F65A9E /* SceneDelegate.swift in Sources */ = {isa = PBXBuildFile; fileRef = 0DCBAC472909B9F700F65A9E /* SceneDelegate.swift */; };
/* End PBXBuildFile section */

/* Begin PBXContainerItemProxy section */
		0D28CF8A28FF28390023381B /* PBXContainerItemProxy */ = {
			isa = PBXContainerItemProxy;
			containerPortal = 0D28CF7128FF28380023381B /* Project object */;
			proxyType = 1;
			remoteGlobalIDString = 0D28CF7828FF28380023381B;
			remoteInfo = Flora_Fauna;
		};
		0D28CF9428FF28390023381B /* PBXContainerItemProxy */ = {
			isa = PBXContainerItemProxy;
			containerPortal = 0D28CF7128FF28380023381B /* Project object */;
			proxyType = 1;
			remoteGlobalIDString = 0D28CF7828FF28380023381B;
			remoteInfo = Flora_Fauna;
		};
/* End PBXContainerItemProxy section */

/* Begin PBXFileReference section */
		0D28CF7928FF28380023381B /* Flora_Fauna.app */ = {isa = PBXFileReference; explicitFileType = wrapper.application; includeInIndex = 0; path = Flora_Fauna.app; sourceTree = BUILT_PRODUCTS_DIR; };
		0D28CF8028FF28390023381B /* Assets.xcassets */ = {isa = PBXFileReference; lastKnownFileType = folder.assetcatalog; path = Assets.xcassets; sourceTree = "<group>"; };
		0D28CF8328FF28390023381B /* Preview Assets.xcassets */ = {isa = PBXFileReference; lastKnownFileType = folder.assetcatalog; path = "Preview Assets.xcassets"; sourceTree = "<group>"; };
		0D28CF8928FF28390023381B /* Flora_FaunaTests.xctest */ = {isa = PBXFileReference; explicitFileType = wrapper.cfbundle; includeInIndex = 0; path = Flora_FaunaTests.xctest; sourceTree = BUILT_PRODUCTS_DIR; };
		0D28CF8D28FF28390023381B /* Flora_FaunaTests.swift */ = {isa = PBXFileReference; lastKnownFileType = sourcecode.swift; path = Flora_FaunaTests.swift; sourceTree = "<group>"; };
		0D28CF9328FF28390023381B /* Flora_FaunaUITests.xctest */ = {isa = PBXFileReference; explicitFileType = wrapper.cfbundle; includeInIndex = 0; path = Flora_FaunaUITests.xctest; sourceTree = BUILT_PRODUCTS_DIR; };
		0D28CF9728FF28390023381B /* Flora_FaunaUITests.swift */ = {isa = PBXFileReference; lastKnownFileType = sourcecode.swift; path = Flora_FaunaUITests.swift; sourceTree = "<group>"; };
		0D28CF9928FF28390023381B /* Flora_FaunaUITestsLaunchTests.swift */ = {isa = PBXFileReference; lastKnownFileType = sourcecode.swift; path = Flora_FaunaUITestsLaunchTests.swift; sourceTree = "<group>"; };
		0D28CFA628FF28920023381B /* LoginView.swift */ = {isa = PBXFileReference; lastKnownFileType = sourcecode.swift; path = LoginView.swift; sourceTree = "<group>"; };
		0D28CFA8290761060023381B /* SignInView.swift */ = {isa = PBXFileReference; lastKnownFileType = sourcecode.swift; path = SignInView.swift; sourceTree = "<group>"; };
		0D28CFAA290761230023381B /* HomeView.swift */ = {isa = PBXFileReference; lastKnownFileType = sourcecode.swift; path = HomeView.swift; sourceTree = "<group>"; };
		0D28CFAE2907618B0023381B /* CycleView.swift */ = {isa = PBXFileReference; lastKnownFileType = sourcecode.swift; path = CycleView.swift; sourceTree = "<group>"; };
		0D28CFB0290761A00023381B /* TeleHealthView.swift */ = {isa = PBXFileReference; lastKnownFileType = sourcecode.swift; path = TeleHealthView.swift; sourceTree = "<group>"; };
		0D28CFB2290761B70023381B /* ForumView.swift */ = {isa = PBXFileReference; lastKnownFileType = sourcecode.swift; path = ForumView.swift; sourceTree = "<group>"; };
		0D28CFB4290761DA0023381B /* WelcomeView.swift */ = {isa = PBXFileReference; lastKnownFileType = sourcecode.swift; path = WelcomeView.swift; sourceTree = "<group>"; };
		0DCBABE62909879D00F65A9E /* GoogleService-Info.plist */ = {isa = PBXFileReference; fileEncoding = 4; lastKnownFileType = text.plist.xml; name = "GoogleService-Info.plist"; path = "../../../Downloads/GoogleService-Info.plist"; sourceTree = "<group>"; };
		0DCBAC2129098EA400F65A9E /* LaunchScreen.storyboard */ = {isa = PBXFileReference; lastKnownFileType = file.storyboard; path = LaunchScreen.storyboard; sourceTree = "<group>"; };
		0DCBAC2B2909959E00F65A9E /* OnboardingSlide.swift */ = {isa = PBXFileReference; lastKnownFileType = sourcecode.swift; path = OnboardingSlide.swift; sourceTree = "<group>"; };
		0DCBAC2E29099A4500F65A9E /* OnboardingCollectionViewCell.swift */ = {isa = PBXFileReference; lastKnownFileType = sourcecode.swift; path = OnboardingCollectionViewCell.swift; sourceTree = "<group>"; };
		0DCBAC3029099D4000F65A9E /* UIViewController+Extension.swift */ = {isa = PBXFileReference; lastKnownFileType = sourcecode.swift; path = "UIViewController+Extension.swift"; sourceTree = "<group>"; };
		0DCBAC3229099DAA00F65A9E /* UIView+Extension.swift */ = {isa = PBXFileReference; lastKnownFileType = sourcecode.swift; path = "UIView+Extension.swift"; sourceTree = "<group>"; };
		0DCBAC3429099E0000F65A9E /* String+Extension.swift */ = {isa = PBXFileReference; lastKnownFileType = sourcecode.swift; path = "String+Extension.swift"; sourceTree = "<group>"; };
		0DCBAC3629099E2D00F65A9E /* UserDefaults+Extension.swift */ = {isa = PBXFileReference; lastKnownFileType = sourcecode.swift; path = "UserDefaults+Extension.swift"; sourceTree = "<group>"; };
		0DCBAC3929099FF800F65A9E /* MapStoryboard.storyboard */ = {isa = PBXFileReference; lastKnownFileType = file.storyboard; path = MapStoryboard.storyboard; sourceTree = "<group>"; };
		0DCBAC3E2909A37E00F65A9E /* OnboardingViewController.swift */ = {isa = PBXFileReference; lastKnownFileType = sourcecode.swift; path = OnboardingViewController.swift; sourceTree = "<group>"; };
		0DCBAC402909A8CF00F65A9E /* Main.storyboard */ = {isa = PBXFileReference; lastKnownFileType = file.storyboard; path = Main.storyboard; sourceTree = "<group>"; };
		0DCBAC452909B59000F65A9E /* AppDelegate.swift */ = {isa = PBXFileReference; lastKnownFileType = sourcecode.swift; path = AppDelegate.swift; sourceTree = "<group>"; };
		0DCBAC472909B9F700F65A9E /* SceneDelegate.swift */ = {isa = PBXFileReference; lastKnownFileType = sourcecode.swift; path = SceneDelegate.swift; sourceTree = "<group>"; };
/* End PBXFileReference section */

/* Begin PBXFrameworksBuildPhase section */
		0D28CF7628FF28380023381B /* Frameworks */ = {
			isa = PBXFrameworksBuildPhase;
			buildActionMask = 2147483647;
			files = (
				0DCBABFC2909893F00F65A9E /* FirebaseDatabase in Frameworks */,
				0DCBAC0A2909893F00F65A9E /* FirebaseFunctionsCombine-Community in Frameworks */,
				0DCBAC022909893F00F65A9E /* FirebaseFirestore in Frameworks */,
				0DCBABEE2909893F00F65A9E /* FirebaseAnalyticsSwift in Frameworks */,
				0DCBABEA2909893F00F65A9E /* FirebaseAnalytics in Frameworks */,
				0DCBABEC2909893F00F65A9E /* FirebaseAnalyticsOnDeviceConversion in Frameworks */,
				0DCBAC122909893F00F65A9E /* FirebaseMLModelDownloader in Frameworks */,
				0DCBAC062909893F00F65A9E /* FirebaseFirestoreSwift in Frameworks */,
				0DCBABF22909893F00F65A9E /* FirebaseAppCheck in Frameworks */,
				0DCBABF02909893F00F65A9E /* FirebaseAnalyticsWithoutAdIdSupport in Frameworks */,
				0DCBABF62909893F00F65A9E /* FirebaseAuth in Frameworks */,
				0DCBABFA2909893F00F65A9E /* FirebaseCrashlytics in Frameworks */,
				0DCBAC1A2909893F00F65A9E /* FirebaseRemoteConfigSwift in Frameworks */,
				0DCBAC0C2909893F00F65A9E /* FirebaseInAppMessaging-Beta in Frameworks */,
				0DCBABFE2909893F00F65A9E /* FirebaseDatabaseSwift in Frameworks */,
				0DCBAC082909893F00F65A9E /* FirebaseFunctions in Frameworks */,
				0DCBAC1E2909893F00F65A9E /* FirebaseStorageCombine-Community in Frameworks */,
				0DCBAC182909893F00F65A9E /* FirebaseRemoteConfig in Frameworks */,
				0DCBABF42909893F00F65A9E /* FirebaseAppDistribution-Beta in Frameworks */,
				0DCBABF82909893F00F65A9E /* FirebaseAuthCombine-Community in Frameworks */,
				0DCBAC162909893F00F65A9E /* FirebasePerformance in Frameworks */,
				0DCBAC0E2909893F00F65A9E /* FirebaseInAppMessagingSwift-Beta in Frameworks */,
				0DCBAC1C2909893F00F65A9E /* FirebaseStorage in Frameworks */,
				0DCBAC002909893F00F65A9E /* FirebaseDynamicLinks in Frameworks */,
				0DCBAC042909893F00F65A9E /* FirebaseFirestoreCombine-Community in Frameworks */,
				0DCBAC142909893F00F65A9E /* FirebaseMessaging in Frameworks */,
				0DCBAC102909893F00F65A9E /* FirebaseInstallations in Frameworks */,
			);
			runOnlyForDeploymentPostprocessing = 0;
		};
		0D28CF8628FF28390023381B /* Frameworks */ = {
			isa = PBXFrameworksBuildPhase;
			buildActionMask = 2147483647;
			files = (
			);
			runOnlyForDeploymentPostprocessing = 0;
		};
		0D28CF9028FF28390023381B /* Frameworks */ = {
			isa = PBXFrameworksBuildPhase;
			buildActionMask = 2147483647;
			files = (
			);
			runOnlyForDeploymentPostprocessing = 0;
		};
/* End PBXFrameworksBuildPhase section */

/* Begin PBXGroup section */
		0D28CF7028FF28380023381B = {
			isa = PBXGroup;
			children = (
				0D28CF7B28FF28380023381B /* Flora_Fauna */,
				0D28CF8C28FF28390023381B /* Flora_FaunaTests */,
				0D28CF9628FF28390023381B /* Flora_FaunaUITests */,
				0D28CF7A28FF28380023381B /* Products */,
			);
			sourceTree = "<group>";
		};
		0D28CF7A28FF28380023381B /* Products */ = {
			isa = PBXGroup;
			children = (
				0D28CF7928FF28380023381B /* Flora_Fauna.app */,
				0D28CF8928FF28390023381B /* Flora_FaunaTests.xctest */,
				0D28CF9328FF28390023381B /* Flora_FaunaUITests.xctest */,
			);
			name = Products;
			sourceTree = "<group>";
		};
		0D28CF7B28FF28380023381B /* Flora_Fauna */ = {
			isa = PBXGroup;
			children = (
				0DCBAC2D290995A600F65A9E /* Extensions */,
				0DCBAC2529098F1700F65A9E /* CustomViews */,
				0DCBAC2429098F0F00F65A9E /* Models */,
				0DCBAC2329098EFC00F65A9E /* Views */,
				0DCBABE62909879D00F65A9E /* GoogleService-Info.plist */,
				0D28CF8028FF28390023381B /* Assets.xcassets */,
				0D28CF8228FF28390023381B /* Preview Content */,
				0DCBAC2129098EA400F65A9E /* LaunchScreen.storyboard */,
				0DCBAC402909A8CF00F65A9E /* Main.storyboard */,
				0DCBAC452909B59000F65A9E /* AppDelegate.swift */,
				0DCBAC472909B9F700F65A9E /* SceneDelegate.swift */,
			);
			path = Flora_Fauna;
			sourceTree = "<group>";
		};
		0D28CF8228FF28390023381B /* Preview Content */ = {
			isa = PBXGroup;
			children = (
				0D28CF8328FF28390023381B /* Preview Assets.xcassets */,
			);
			path = "Preview Content";
			sourceTree = "<group>";
		};
		0D28CF8C28FF28390023381B /* Flora_FaunaTests */ = {
			isa = PBXGroup;
			children = (
				0D28CF8D28FF28390023381B /* Flora_FaunaTests.swift */,
			);
			path = Flora_FaunaTests;
			sourceTree = "<group>";
		};
		0D28CF9628FF28390023381B /* Flora_FaunaUITests */ = {
			isa = PBXGroup;
			children = (
				0D28CF9728FF28390023381B /* Flora_FaunaUITests.swift */,
				0D28CF9928FF28390023381B /* Flora_FaunaUITestsLaunchTests.swift */,
			);
			path = Flora_FaunaUITests;
			sourceTree = "<group>";
		};
		0DCBAC2329098EFC00F65A9E /* Views */ = {
			isa = PBXGroup;
			children = (
				0DCBAC3B2909A01A00F65A9E /* Home */,
				0DCBAC3829099FE100F65A9E /* Map */,
				0D28CFB0290761A00023381B /* TeleHealthView.swift */,
				0D28CFAE2907618B0023381B /* CycleView.swift */,
				0D28CFB2290761B70023381B /* ForumView.swift */,
				0D28CFA628FF28920023381B /* LoginView.swift */,
				0D28CFB4290761DA0023381B /* WelcomeView.swift */,
				0D28CFA8290761060023381B /* SignInView.swift */,
				0DCBAC2629098F2700F65A9E /* Onboarding */,
			);
			path = Views;
			sourceTree = "<group>";
		};
		0DCBAC2429098F0F00F65A9E /* Models */ = {
			isa = PBXGroup;
			children = (
				0DCBAC2B2909959E00F65A9E /* OnboardingSlide.swift */,
			);
			path = Models;
			sourceTree = "<group>";
		};
		0DCBAC2529098F1700F65A9E /* CustomViews */ = {
			isa = PBXGroup;
			children = (
			);
			path = CustomViews;
			sourceTree = "<group>";
		};
		0DCBAC2629098F2700F65A9E /* Onboarding */ = {
			isa = PBXGroup;
			children = (
				0DCBAC2E29099A4500F65A9E /* OnboardingCollectionViewCell.swift */,
				0DCBAC3E2909A37E00F65A9E /* OnboardingViewController.swift */,
			);
			path = Onboarding;
			sourceTree = "<group>";
		};
		0DCBAC2D290995A600F65A9E /* Extensions */ = {
			isa = PBXGroup;
			children = (
				0DCBAC3029099D4000F65A9E /* UIViewController+Extension.swift */,
				0DCBAC3229099DAA00F65A9E /* UIView+Extension.swift */,
				0DCBAC3429099E0000F65A9E /* String+Extension.swift */,
				0DCBAC3629099E2D00F65A9E /* UserDefaults+Extension.swift */,
			);
			path = Extensions;
			sourceTree = "<group>";
		};
		0DCBAC3829099FE100F65A9E /* Map */ = {
			isa = PBXGroup;
			children = (
				0DCBAC3929099FF800F65A9E /* MapStoryboard.storyboard */,
			);
			path = Map;
			sourceTree = "<group>";
		};
		0DCBAC3B2909A01A00F65A9E /* Home */ = {
			isa = PBXGroup;
			children = (
				0D28CFAA290761230023381B /* HomeView.swift */,
			);
			path = Home;
			sourceTree = "<group>";
		};
/* End PBXGroup section */

/* Begin PBXNativeTarget section */
		0D28CF7828FF28380023381B /* Flora_Fauna */ = {
			isa = PBXNativeTarget;
			buildConfigurationList = 0D28CF9D28FF28390023381B /* Build configuration list for PBXNativeTarget "Flora_Fauna" */;
			buildPhases = (
				0D28CF7528FF28380023381B /* Sources */,
				0D28CF7628FF28380023381B /* Frameworks */,
				0D28CF7728FF28380023381B /* Resources */,
			);
			buildRules = (
			);
			dependencies = (
			);
			name = Flora_Fauna;
			packageProductDependencies = (
				0DCBABE92909893F00F65A9E /* FirebaseAnalytics */,
				0DCBABEB2909893F00F65A9E /* FirebaseAnalyticsOnDeviceConversion */,
				0DCBABED2909893F00F65A9E /* FirebaseAnalyticsSwift */,
				0DCBABEF2909893F00F65A9E /* FirebaseAnalyticsWithoutAdIdSupport */,
				0DCBABF12909893F00F65A9E /* FirebaseAppCheck */,
				0DCBABF32909893F00F65A9E /* FirebaseAppDistribution-Beta */,
				0DCBABF52909893F00F65A9E /* FirebaseAuth */,
				0DCBABF72909893F00F65A9E /* FirebaseAuthCombine-Community */,
				0DCBABF92909893F00F65A9E /* FirebaseCrashlytics */,
				0DCBABFB2909893F00F65A9E /* FirebaseDatabase */,
				0DCBABFD2909893F00F65A9E /* FirebaseDatabaseSwift */,
				0DCBABFF2909893F00F65A9E /* FirebaseDynamicLinks */,
				0DCBAC012909893F00F65A9E /* FirebaseFirestore */,
				0DCBAC032909893F00F65A9E /* FirebaseFirestoreCombine-Community */,
				0DCBAC052909893F00F65A9E /* FirebaseFirestoreSwift */,
				0DCBAC072909893F00F65A9E /* FirebaseFunctions */,
				0DCBAC092909893F00F65A9E /* FirebaseFunctionsCombine-Community */,
				0DCBAC0B2909893F00F65A9E /* FirebaseInAppMessaging-Beta */,
				0DCBAC0D2909893F00F65A9E /* FirebaseInAppMessagingSwift-Beta */,
				0DCBAC0F2909893F00F65A9E /* FirebaseInstallations */,
				0DCBAC112909893F00F65A9E /* FirebaseMLModelDownloader */,
				0DCBAC132909893F00F65A9E /* FirebaseMessaging */,
				0DCBAC152909893F00F65A9E /* FirebasePerformance */,
				0DCBAC172909893F00F65A9E /* FirebaseRemoteConfig */,
				0DCBAC192909893F00F65A9E /* FirebaseRemoteConfigSwift */,
				0DCBAC1B2909893F00F65A9E /* FirebaseStorage */,
				0DCBAC1D2909893F00F65A9E /* FirebaseStorageCombine-Community */,
			);
			productName = Flora_Fauna;
			productReference = 0D28CF7928FF28380023381B /* Flora_Fauna.app */;
			productType = "com.apple.product-type.application";
		};
		0D28CF8828FF28390023381B /* Flora_FaunaTests */ = {
			isa = PBXNativeTarget;
			buildConfigurationList = 0D28CFA028FF28390023381B /* Build configuration list for PBXNativeTarget "Flora_FaunaTests" */;
			buildPhases = (
				0D28CF8528FF28390023381B /* Sources */,
				0D28CF8628FF28390023381B /* Frameworks */,
				0D28CF8728FF28390023381B /* Resources */,
			);
			buildRules = (
			);
			dependencies = (
				0D28CF8B28FF28390023381B /* PBXTargetDependency */,
			);
			name = Flora_FaunaTests;
			productName = Flora_FaunaTests;
			productReference = 0D28CF8928FF28390023381B /* Flora_FaunaTests.xctest */;
			productType = "com.apple.product-type.bundle.unit-test";
		};
		0D28CF9228FF28390023381B /* Flora_FaunaUITests */ = {
			isa = PBXNativeTarget;
			buildConfigurationList = 0D28CFA328FF28390023381B /* Build configuration list for PBXNativeTarget "Flora_FaunaUITests" */;
			buildPhases = (
				0D28CF8F28FF28390023381B /* Sources */,
				0D28CF9028FF28390023381B /* Frameworks */,
				0D28CF9128FF28390023381B /* Resources */,
			);
			buildRules = (
			);
			dependencies = (
				0D28CF9528FF28390023381B /* PBXTargetDependency */,
			);
			name = Flora_FaunaUITests;
			productName = Flora_FaunaUITests;
			productReference = 0D28CF9328FF28390023381B /* Flora_FaunaUITests.xctest */;
			productType = "com.apple.product-type.bundle.ui-testing";
		};
/* End PBXNativeTarget section */

/* Begin PBXProject section */
		0D28CF7128FF28380023381B /* Project object */ = {
			isa = PBXProject;
			attributes = {
				BuildIndependentTargetsInParallel = 1;
				LastSwiftUpdateCheck = 1400;
				LastUpgradeCheck = 1400;
				TargetAttributes = {
					0D28CF7828FF28380023381B = {
						CreatedOnToolsVersion = 14.0.1;
					};
					0D28CF8828FF28390023381B = {
						CreatedOnToolsVersion = 14.0.1;
						TestTargetID = 0D28CF7828FF28380023381B;
					};
					0D28CF9228FF28390023381B = {
						CreatedOnToolsVersion = 14.0.1;
						TestTargetID = 0D28CF7828FF28380023381B;
					};
				};
			};
			buildConfigurationList = 0D28CF7428FF28380023381B /* Build configuration list for PBXProject "Flora_Fauna" */;
			compatibilityVersion = "Xcode 14.0";
			developmentRegion = en;
			hasScannedForEncodings = 0;
			knownRegions = (
				en,
				Base,
			);
			mainGroup = 0D28CF7028FF28380023381B;
			packageReferences = (
				0DCBABE82909893F00F65A9E /* XCRemoteSwiftPackageReference "firebase-ios-sdk" */,
			);
			productRefGroup = 0D28CF7A28FF28380023381B /* Products */;
			projectDirPath = "";
			projectRoot = "";
			targets = (
				0D28CF7828FF28380023381B /* Flora_Fauna */,
				0D28CF8828FF28390023381B /* Flora_FaunaTests */,
				0D28CF9228FF28390023381B /* Flora_FaunaUITests */,
			);
		};
/* End PBXProject section */

/* Begin PBXResourcesBuildPhase section */
		0D28CF7728FF28380023381B /* Resources */ = {
			isa = PBXResourcesBuildPhase;
			buildActionMask = 2147483647;
			files = (
				0DCBAC412909A8CF00F65A9E /* Main.storyboard in Resources */,
				0DCBAC3A29099FF800F65A9E /* MapStoryboard.storyboard in Resources */,
				0D28CF8428FF28390023381B /* Preview Assets.xcassets in Resources */,
				0D28CF8128FF28390023381B /* Assets.xcassets in Resources */,
				0DCBAC2229098EA400F65A9E /* LaunchScreen.storyboard in Resources */,
				0DCBABE72909879D00F65A9E /* GoogleService-Info.plist in Resources */,
			);
			runOnlyForDeploymentPostprocessing = 0;
		};
		0D28CF8728FF28390023381B /* Resources */ = {
			isa = PBXResourcesBuildPhase;
			buildActionMask = 2147483647;
			files = (
			);
			runOnlyForDeploymentPostprocessing = 0;
		};
		0D28CF9128FF28390023381B /* Resources */ = {
			isa = PBXResourcesBuildPhase;
			buildActionMask = 2147483647;
			files = (
			);
			runOnlyForDeploymentPostprocessing = 0;
		};
/* End PBXResourcesBuildPhase section */

/* Begin PBXSourcesBuildPhase section */
		0D28CF7528FF28380023381B /* Sources */ = {
			isa = PBXSourcesBuildPhase;
			buildActionMask = 2147483647;
			files = (
				0D28CFA728FF28920023381B /* LoginView.swift in Sources */,
				0DCBAC3129099D4000F65A9E /* UIViewController+Extension.swift in Sources */,
				0D28CFB1290761A00023381B /* TeleHealthView.swift in Sources */,
				0DCBAC462909B59000F65A9E /* AppDelegate.swift in Sources */,
				0DCBAC2C2909959E00F65A9E /* OnboardingSlide.swift in Sources */,
				0D28CFB3290761B70023381B /* ForumView.swift in Sources */,
				0DCBAC3729099E2D00F65A9E /* UserDefaults+Extension.swift in Sources */,
				0DCBAC482909B9F700F65A9E /* SceneDelegate.swift in Sources */,
				0DCBAC3F2909A37E00F65A9E /* OnboardingViewController.swift in Sources */,
				0D28CFB5290761DA0023381B /* WelcomeView.swift in Sources */,
				0D28CFA9290761060023381B /* SignInView.swift in Sources */,
				0DCBAC3329099DAA00F65A9E /* UIView+Extension.swift in Sources */,
				0D28CFAB290761230023381B /* HomeView.swift in Sources */,
				0D28CFAF2907618B0023381B /* CycleView.swift in Sources */,
				0DCBAC3529099E0000F65A9E /* String+Extension.swift in Sources */,
				0DCBAC2F29099A4500F65A9E /* OnboardingCollectionViewCell.swift in Sources */,
			);
			runOnlyForDeploymentPostprocessing = 0;
		};
		0D28CF8528FF28390023381B /* Sources */ = {
			isa = PBXSourcesBuildPhase;
			buildActionMask = 2147483647;
			files = (
				0D28CF8E28FF28390023381B /* Flora_FaunaTests.swift in Sources */,
			);
			runOnlyForDeploymentPostprocessing = 0;
		};
		0D28CF8F28FF28390023381B /* Sources */ = {
			isa = PBXSourcesBuildPhase;
			buildActionMask = 2147483647;
			files = (
				0D28CF9828FF28390023381B /* Flora_FaunaUITests.swift in Sources */,
				0D28CF9A28FF28390023381B /* Flora_FaunaUITestsLaunchTests.swift in Sources */,
			);
			runOnlyForDeploymentPostprocessing = 0;
		};
/* End PBXSourcesBuildPhase section */

/* Begin PBXTargetDependency section */
		0D28CF8B28FF28390023381B /* PBXTargetDependency */ = {
			isa = PBXTargetDependency;
			target = 0D28CF7828FF28380023381B /* Flora_Fauna */;
			targetProxy = 0D28CF8A28FF28390023381B /* PBXContainerItemProxy */;
		};
		0D28CF9528FF28390023381B /* PBXTargetDependency */ = {
			isa = PBXTargetDependency;
			target = 0D28CF7828FF28380023381B /* Flora_Fauna */;
			targetProxy = 0D28CF9428FF28390023381B /* PBXContainerItemProxy */;
		};
/* End PBXTargetDependency section */

/* Begin XCBuildConfiguration section */
		0D28CF9B28FF28390023381B /* Debug */ = {
			isa = XCBuildConfiguration;
			buildSettings = {
				ALWAYS_SEARCH_USER_PATHS = NO;
				CLANG_ANALYZER_NONNULL = YES;
				CLANG_ANALYZER_NUMBER_OBJECT_CONVERSION = YES_AGGRESSIVE;
				CLANG_CXX_LANGUAGE_STANDARD = "gnu++20";
				CLANG_ENABLE_MODULES = YES;
				CLANG_ENABLE_OBJC_ARC = YES;
				CLANG_ENABLE_OBJC_WEAK = YES;
				CLANG_WARN_BLOCK_CAPTURE_AUTORELEASING = YES;
				CLANG_WARN_BOOL_CONVERSION = YES;
				CLANG_WARN_COMMA = YES;
				CLANG_WARN_CONSTANT_CONVERSION = YES;
				CLANG_WARN_DEPRECATED_OBJC_IMPLEMENTATIONS = YES;
				CLANG_WARN_DIRECT_OBJC_ISA_USAGE = YES_ERROR;
				CLANG_WARN_DOCUMENTATION_COMMENTS = YES;
				CLANG_WARN_EMPTY_BODY = YES;
				CLANG_WARN_ENUM_CONVERSION = YES;
				CLANG_WARN_INFINITE_RECURSION = YES;
				CLANG_WARN_INT_CONVERSION = YES;
				CLANG_WARN_NON_LITERAL_NULL_CONVERSION = YES;
				CLANG_WARN_OBJC_IMPLICIT_RETAIN_SELF = YES;
				CLANG_WARN_OBJC_LITERAL_CONVERSION = YES;
				CLANG_WARN_OBJC_ROOT_CLASS = YES_ERROR;
				CLANG_WARN_QUOTED_INCLUDE_IN_FRAMEWORK_HEADER = YES;
				CLANG_WARN_RANGE_LOOP_ANALYSIS = YES;
				CLANG_WARN_STRICT_PROTOTYPES = YES;
				CLANG_WARN_SUSPICIOUS_MOVE = YES;
				CLANG_WARN_UNGUARDED_AVAILABILITY = YES_AGGRESSIVE;
				CLANG_WARN_UNREACHABLE_CODE = YES;
				CLANG_WARN__DUPLICATE_METHOD_MATCH = YES;
				COPY_PHASE_STRIP = NO;
				DEBUG_INFORMATION_FORMAT = dwarf;
				ENABLE_STRICT_OBJC_MSGSEND = YES;
				ENABLE_TESTABILITY = YES;
				GCC_C_LANGUAGE_STANDARD = gnu11;
				GCC_DYNAMIC_NO_PIC = NO;
				GCC_NO_COMMON_BLOCKS = YES;
				GCC_OPTIMIZATION_LEVEL = 0;
				GCC_PREPROCESSOR_DEFINITIONS = (
					"DEBUG=1",
					"$(inherited)",
				);
				GCC_WARN_64_TO_32_BIT_CONVERSION = YES;
				GCC_WARN_ABOUT_RETURN_TYPE = YES_ERROR;
				GCC_WARN_UNDECLARED_SELECTOR = YES;
				GCC_WARN_UNINITIALIZED_AUTOS = YES_AGGRESSIVE;
				GCC_WARN_UNUSED_FUNCTION = YES;
				GCC_WARN_UNUSED_VARIABLE = YES;
				IPHONEOS_DEPLOYMENT_TARGET = 16.0;
				MTL_ENABLE_DEBUG_INFO = INCLUDE_SOURCE;
				MTL_FAST_MATH = YES;
				ONLY_ACTIVE_ARCH = YES;
				SDKROOT = iphoneos;
				SWIFT_ACTIVE_COMPILATION_CONDITIONS = DEBUG;
				SWIFT_OPTIMIZATION_LEVEL = "-Onone";
			};
			name = Debug;
		};
		0D28CF9C28FF28390023381B /* Release */ = {
			isa = XCBuildConfiguration;
			buildSettings = {
				ALWAYS_SEARCH_USER_PATHS = NO;
				CLANG_ANALYZER_NONNULL = YES;
				CLANG_ANALYZER_NUMBER_OBJECT_CONVERSION = YES_AGGRESSIVE;
				CLANG_CXX_LANGUAGE_STANDARD = "gnu++20";
				CLANG_ENABLE_MODULES = YES;
				CLANG_ENABLE_OBJC_ARC = YES;
				CLANG_ENABLE_OBJC_WEAK = YES;
				CLANG_WARN_BLOCK_CAPTURE_AUTORELEASING = YES;
				CLANG_WARN_BOOL_CONVERSION = YES;
				CLANG_WARN_COMMA = YES;
				CLANG_WARN_CONSTANT_CONVERSION = YES;
				CLANG_WARN_DEPRECATED_OBJC_IMPLEMENTATIONS = YES;
				CLANG_WARN_DIRECT_OBJC_ISA_USAGE = YES_ERROR;
				CLANG_WARN_DOCUMENTATION_COMMENTS = YES;
				CLANG_WARN_EMPTY_BODY = YES;
				CLANG_WARN_ENUM_CONVERSION = YES;
				CLANG_WARN_INFINITE_RECURSION = YES;
				CLANG_WARN_INT_CONVERSION = YES;
				CLANG_WARN_NON_LITERAL_NULL_CONVERSION = YES;
				CLANG_WARN_OBJC_IMPLICIT_RETAIN_SELF = YES;
				CLANG_WARN_OBJC_LITERAL_CONVERSION = YES;
				CLANG_WARN_OBJC_ROOT_CLASS = YES_ERROR;
				CLANG_WARN_QUOTED_INCLUDE_IN_FRAMEWORK_HEADER = YES;
				CLANG_WARN_RANGE_LOOP_ANALYSIS = YES;
				CLANG_WARN_STRICT_PROTOTYPES = YES;
				CLANG_WARN_SUSPICIOUS_MOVE = YES;
				CLANG_WARN_UNGUARDED_AVAILABILITY = YES_AGGRESSIVE;
				CLANG_WARN_UNREACHABLE_CODE = YES;
				CLANG_WARN__DUPLICATE_METHOD_MATCH = YES;
				COPY_PHASE_STRIP = NO;
				DEBUG_INFORMATION_FORMAT = "dwarf-with-dsym";
				ENABLE_NS_ASSERTIONS = NO;
				ENABLE_STRICT_OBJC_MSGSEND = YES;
				GCC_C_LANGUAGE_STANDARD = gnu11;
				GCC_NO_COMMON_BLOCKS = YES;
				GCC_WARN_64_TO_32_BIT_CONVERSION = YES;
				GCC_WARN_ABOUT_RETURN_TYPE = YES_ERROR;
				GCC_WARN_UNDECLARED_SELECTOR = YES;
				GCC_WARN_UNINITIALIZED_AUTOS = YES_AGGRESSIVE;
				GCC_WARN_UNUSED_FUNCTION = YES;
				GCC_WARN_UNUSED_VARIABLE = YES;
				IPHONEOS_DEPLOYMENT_TARGET = 16.0;
				MTL_ENABLE_DEBUG_INFO = NO;
				MTL_FAST_MATH = YES;
				SDKROOT = iphoneos;
				SWIFT_COMPILATION_MODE = wholemodule;
				SWIFT_OPTIMIZATION_LEVEL = "-O";
				VALIDATE_PRODUCT = YES;
			};
			name = Release;
		};
		0D28CF9E28FF28390023381B /* Debug */ = {
			isa = XCBuildConfiguration;
			buildSettings = {
				ASSETCATALOG_COMPILER_APPICON_NAME = AppIcon;
				ASSETCATALOG_COMPILER_GLOBAL_ACCENT_COLOR_NAME = AccentColor;
				CODE_SIGN_STYLE = Automatic;
				CURRENT_PROJECT_VERSION = 1;
				DEVELOPMENT_ASSET_PATHS = "\"Flora_Fauna/Preview Content\"";
				DEVELOPMENT_TEAM = C6YZ59A5GN;
				ENABLE_PREVIEWS = YES;
				GENERATE_INFOPLIST_FILE = YES;
				INFOPLIST_KEY_UIApplicationSceneManifest_Generation = YES;
				INFOPLIST_KEY_UIApplicationSupportsIndirectInputEvents = YES;
				INFOPLIST_KEY_UILaunchScreen_Generation = YES;
				INFOPLIST_KEY_UISupportedInterfaceOrientations_iPad = "UIInterfaceOrientationPortrait UIInterfaceOrientationPortraitUpsideDown UIInterfaceOrientationLandscapeLeft UIInterfaceOrientationLandscapeRight";
				INFOPLIST_KEY_UISupportedInterfaceOrientations_iPhone = "UIInterfaceOrientationPortrait UIInterfaceOrientationLandscapeLeft UIInterfaceOrientationLandscapeRight";
				LD_RUNPATH_SEARCH_PATHS = (
					"$(inherited)",
					"@executable_path/Frameworks",
				);
				MARKETING_VERSION = 1.0;
				PRODUCT_BUNDLE_IDENTIFIER = "Mia.Flora-Fauna";
				PRODUCT_NAME = "$(TARGET_NAME)";
				SWIFT_EMIT_LOC_STRINGS = YES;
				SWIFT_VERSION = 5.0;
				TARGETED_DEVICE_FAMILY = "1,2";
			};
			name = Debug;
		};
		0D28CF9F28FF28390023381B /* Release */ = {
			isa = XCBuildConfiguration;
			buildSettings = {
				ASSETCATALOG_COMPILER_APPICON_NAME = AppIcon;
				ASSETCATALOG_COMPILER_GLOBAL_ACCENT_COLOR_NAME = AccentColor;
				CODE_SIGN_STYLE = Automatic;
				CURRENT_PROJECT_VERSION = 1;
				DEVELOPMENT_ASSET_PATHS = "\"Flora_Fauna/Preview Content\"";
				DEVELOPMENT_TEAM = C6YZ59A5GN;
				ENABLE_PREVIEWS = YES;
				GENERATE_INFOPLIST_FILE = YES;
				INFOPLIST_KEY_UIApplicationSceneManifest_Generation = YES;
				INFOPLIST_KEY_UIApplicationSupportsIndirectInputEvents = YES;
				INFOPLIST_KEY_UILaunchScreen_Generation = YES;
				INFOPLIST_KEY_UISupportedInterfaceOrientations_iPad = "UIInterfaceOrientationPortrait UIInterfaceOrientationPortraitUpsideDown UIInterfaceOrientationLandscapeLeft UIInterfaceOrientationLandscapeRight";
				INFOPLIST_KEY_UISupportedInterfaceOrientations_iPhone = "UIInterfaceOrientationPortrait UIInterfaceOrientationLandscapeLeft UIInterfaceOrientationLandscapeRight";
				LD_RUNPATH_SEARCH_PATHS = (
					"$(inherited)",
					"@executable_path/Frameworks",
				);
				MARKETING_VERSION = 1.0;
				PRODUCT_BUNDLE_IDENTIFIER = "Mia.Flora-Fauna";
				PRODUCT_NAME = "$(TARGET_NAME)";
				SWIFT_EMIT_LOC_STRINGS = YES;
				SWIFT_VERSION = 5.0;
				TARGETED_DEVICE_FAMILY = "1,2";
			};
			name = Release;
		};
		0D28CFA128FF28390023381B /* Debug */ = {
			isa = XCBuildConfiguration;
			buildSettings = {
				ALWAYS_EMBED_SWIFT_STANDARD_LIBRARIES = YES;
				BUNDLE_LOADER = "$(TEST_HOST)";
				CODE_SIGN_STYLE = Automatic;
				CURRENT_PROJECT_VERSION = 1;
				DEVELOPMENT_TEAM = C6YZ59A5GN;
				GENERATE_INFOPLIST_FILE = YES;
				IPHONEOS_DEPLOYMENT_TARGET = 16.0;
				MARKETING_VERSION = 1.0;
				PRODUCT_BUNDLE_IDENTIFIER = "Mia.Flora-FaunaTests";
				PRODUCT_NAME = "$(TARGET_NAME)";
				SWIFT_EMIT_LOC_STRINGS = NO;
				SWIFT_VERSION = 5.0;
				TARGETED_DEVICE_FAMILY = "1,2";
				TEST_HOST = "$(BUILT_PRODUCTS_DIR)/Flora_Fauna.app/$(BUNDLE_EXECUTABLE_FOLDER_PATH)/Flora_Fauna";
			};
			name = Debug;
		};
		0D28CFA228FF28390023381B /* Release */ = {
			isa = XCBuildConfiguration;
			buildSettings = {
				ALWAYS_EMBED_SWIFT_STANDARD_LIBRARIES = YES;
				BUNDLE_LOADER = "$(TEST_HOST)";
				CODE_SIGN_STYLE = Automatic;
				CURRENT_PROJECT_VERSION = 1;
				DEVELOPMENT_TEAM = C6YZ59A5GN;
				GENERATE_INFOPLIST_FILE = YES;
				IPHONEOS_DEPLOYMENT_TARGET = 16.0;
				MARKETING_VERSION = 1.0;
				PRODUCT_BUNDLE_IDENTIFIER = "Mia.Flora-FaunaTests";
				PRODUCT_NAME = "$(TARGET_NAME)";
				SWIFT_EMIT_LOC_STRINGS = NO;
				SWIFT_VERSION = 5.0;
				TARGETED_DEVICE_FAMILY = "1,2";
				TEST_HOST = "$(BUILT_PRODUCTS_DIR)/Flora_Fauna.app/$(BUNDLE_EXECUTABLE_FOLDER_PATH)/Flora_Fauna";
			};
			name = Release;
		};
		0D28CFA428FF28390023381B /* Debug */ = {
			isa = XCBuildConfiguration;
			buildSettings = {
				ALWAYS_EMBED_SWIFT_STANDARD_LIBRARIES = YES;
				CODE_SIGN_STYLE = Automatic;
				CURRENT_PROJECT_VERSION = 1;
				DEVELOPMENT_TEAM = C6YZ59A5GN;
				GENERATE_INFOPLIST_FILE = YES;
				MARKETING_VERSION = 1.0;
				PRODUCT_BUNDLE_IDENTIFIER = "Mia.Flora-FaunaUITests";
				PRODUCT_NAME = "$(TARGET_NAME)";
				SWIFT_EMIT_LOC_STRINGS = NO;
				SWIFT_VERSION = 5.0;
				TARGETED_DEVICE_FAMILY = "1,2";
				TEST_TARGET_NAME = Flora_Fauna;
			};
			name = Debug;
		};
		0D28CFA528FF28390023381B /* Release */ = {
			isa = XCBuildConfiguration;
			buildSettings = {
				ALWAYS_EMBED_SWIFT_STANDARD_LIBRARIES = YES;
				CODE_SIGN_STYLE = Automatic;
				CURRENT_PROJECT_VERSION = 1;
				DEVELOPMENT_TEAM = C6YZ59A5GN;
				GENERATE_INFOPLIST_FILE = YES;
				MARKETING_VERSION = 1.0;
				PRODUCT_BUNDLE_IDENTIFIER = "Mia.Flora-FaunaUITests";
				PRODUCT_NAME = "$(TARGET_NAME)";
				SWIFT_EMIT_LOC_STRINGS = NO;
				SWIFT_VERSION = 5.0;
				TARGETED_DEVICE_FAMILY = "1,2";
				TEST_TARGET_NAME = Flora_Fauna;
			};
			name = Release;
		};
/* End XCBuildConfiguration section */

/* Begin XCConfigurationList section */
		0D28CF7428FF28380023381B /* Build configuration list for PBXProject "Flora_Fauna" */ = {
			isa = XCConfigurationList;
			buildConfigurations = (
				0D28CF9B28FF28390023381B /* Debug */,
				0D28CF9C28FF28390023381B /* Release */,
			);
			defaultConfigurationIsVisible = 0;
			defaultConfigurationName = Release;
		};
		0D28CF9D28FF28390023381B /* Build configuration list for PBXNativeTarget "Flora_Fauna" */ = {
			isa = XCConfigurationList;
			buildConfigurations = (
				0D28CF9E28FF28390023381B /* Debug */,
				0D28CF9F28FF28390023381B /* Release */,
			);
			defaultConfigurationIsVisible = 0;
			defaultConfigurationName = Release;
		};
		0D28CFA028FF28390023381B /* Build configuration list for PBXNativeTarget "Flora_FaunaTests" */ = {
			isa = XCConfigurationList;
			buildConfigurations = (
				0D28CFA128FF28390023381B /* Debug */,
				0D28CFA228FF28390023381B /* Release */,
			);
			defaultConfigurationIsVisible = 0;
			defaultConfigurationName = Release;
		};
		0D28CFA328FF28390023381B /* Build configuration list for PBXNativeTarget "Flora_FaunaUITests" */ = {
			isa = XCConfigurationList;
			buildConfigurations = (
				0D28CFA428FF28390023381B /* Debug */,
				0D28CFA528FF28390023381B /* Release */,
			);
			defaultConfigurationIsVisible = 0;
			defaultConfigurationName = Release;
		};
/* End XCConfigurationList section */

/* Begin XCRemoteSwiftPackageReference section */
		0DCBABE82909893F00F65A9E /* XCRemoteSwiftPackageReference "firebase-ios-sdk" */ = {
			isa = XCRemoteSwiftPackageReference;
			repositoryURL = "https://github.com/firebase/firebase-ios-sdk";
			requirement = {
				kind = upToNextMajorVersion;
				minimumVersion = 9.0.0;
			};
		};
/* End XCRemoteSwiftPackageReference section */

/* Begin XCSwiftPackageProductDependency section */
		0DCBABE92909893F00F65A9E /* FirebaseAnalytics */ = {
			isa = XCSwiftPackageProductDependency;
			package = 0DCBABE82909893F00F65A9E /* XCRemoteSwiftPackageReference "firebase-ios-sdk" */;
			productName = FirebaseAnalytics;
		};
		0DCBABEB2909893F00F65A9E /* FirebaseAnalyticsOnDeviceConversion */ = {
			isa = XCSwiftPackageProductDependency;
			package = 0DCBABE82909893F00F65A9E /* XCRemoteSwiftPackageReference "firebase-ios-sdk" */;
			productName = FirebaseAnalyticsOnDeviceConversion;
		};
		0DCBABED2909893F00F65A9E /* FirebaseAnalyticsSwift */ = {
			isa = XCSwiftPackageProductDependency;
			package = 0DCBABE82909893F00F65A9E /* XCRemoteSwiftPackageReference "firebase-ios-sdk" */;
			productName = FirebaseAnalyticsSwift;
		};
		0DCBABEF2909893F00F65A9E /* FirebaseAnalyticsWithoutAdIdSupport */ = {
			isa = XCSwiftPackageProductDependency;
			package = 0DCBABE82909893F00F65A9E /* XCRemoteSwiftPackageReference "firebase-ios-sdk" */;
			productName = FirebaseAnalyticsWithoutAdIdSupport;
		};
		0DCBABF12909893F00F65A9E /* FirebaseAppCheck */ = {
			isa = XCSwiftPackageProductDependency;
			package = 0DCBABE82909893F00F65A9E /* XCRemoteSwiftPackageReference "firebase-ios-sdk" */;
			productName = FirebaseAppCheck;
		};
		0DCBABF32909893F00F65A9E /* FirebaseAppDistribution-Beta */ = {
			isa = XCSwiftPackageProductDependency;
			package = 0DCBABE82909893F00F65A9E /* XCRemoteSwiftPackageReference "firebase-ios-sdk" */;
			productName = "FirebaseAppDistribution-Beta";
		};
		0DCBABF52909893F00F65A9E /* FirebaseAuth */ = {
			isa = XCSwiftPackageProductDependency;
			package = 0DCBABE82909893F00F65A9E /* XCRemoteSwiftPackageReference "firebase-ios-sdk" */;
			productName = FirebaseAuth;
		};
		0DCBABF72909893F00F65A9E /* FirebaseAuthCombine-Community */ = {
			isa = XCSwiftPackageProductDependency;
			package = 0DCBABE82909893F00F65A9E /* XCRemoteSwiftPackageReference "firebase-ios-sdk" */;
			productName = "FirebaseAuthCombine-Community";
		};
		0DCBABF92909893F00F65A9E /* FirebaseCrashlytics */ = {
			isa = XCSwiftPackageProductDependency;
			package = 0DCBABE82909893F00F65A9E /* XCRemoteSwiftPackageReference "firebase-ios-sdk" */;
			productName = FirebaseCrashlytics;
		};
		0DCBABFB2909893F00F65A9E /* FirebaseDatabase */ = {
			isa = XCSwiftPackageProductDependency;
			package = 0DCBABE82909893F00F65A9E /* XCRemoteSwiftPackageReference "firebase-ios-sdk" */;
			productName = FirebaseDatabase;
		};
		0DCBABFD2909893F00F65A9E /* FirebaseDatabaseSwift */ = {
			isa = XCSwiftPackageProductDependency;
			package = 0DCBABE82909893F00F65A9E /* XCRemoteSwiftPackageReference "firebase-ios-sdk" */;
			productName = FirebaseDatabaseSwift;
		};
		0DCBABFF2909893F00F65A9E /* FirebaseDynamicLinks */ = {
			isa = XCSwiftPackageProductDependency;
			package = 0DCBABE82909893F00F65A9E /* XCRemoteSwiftPackageReference "firebase-ios-sdk" */;
			productName = FirebaseDynamicLinks;
		};
		0DCBAC012909893F00F65A9E /* FirebaseFirestore */ = {
			isa = XCSwiftPackageProductDependency;
			package = 0DCBABE82909893F00F65A9E /* XCRemoteSwiftPackageReference "firebase-ios-sdk" */;
			productName = FirebaseFirestore;
		};
		0DCBAC032909893F00F65A9E /* FirebaseFirestoreCombine-Community */ = {
			isa = XCSwiftPackageProductDependency;
			package = 0DCBABE82909893F00F65A9E /* XCRemoteSwiftPackageReference "firebase-ios-sdk" */;
			productName = "FirebaseFirestoreCombine-Community";
		};
		0DCBAC052909893F00F65A9E /* FirebaseFirestoreSwift */ = {
			isa = XCSwiftPackageProductDependency;
			package = 0DCBABE82909893F00F65A9E /* XCRemoteSwiftPackageReference "firebase-ios-sdk" */;
			productName = FirebaseFirestoreSwift;
		};
		0DCBAC072909893F00F65A9E /* FirebaseFunctions */ = {
			isa = XCSwiftPackageProductDependency;
			package = 0DCBABE82909893F00F65A9E /* XCRemoteSwiftPackageReference "firebase-ios-sdk" */;
			productName = FirebaseFunctions;
		};
		0DCBAC092909893F00F65A9E /* FirebaseFunctionsCombine-Community */ = {
			isa = XCSwiftPackageProductDependency;
			package = 0DCBABE82909893F00F65A9E /* XCRemoteSwiftPackageReference "firebase-ios-sdk" */;
			productName = "FirebaseFunctionsCombine-Community";
		};
		0DCBAC0B2909893F00F65A9E /* FirebaseInAppMessaging-Beta */ = {
			isa = XCSwiftPackageProductDependency;
			package = 0DCBABE82909893F00F65A9E /* XCRemoteSwiftPackageReference "firebase-ios-sdk" */;
			productName = "FirebaseInAppMessaging-Beta";
		};
		0DCBAC0D2909893F00F65A9E /* FirebaseInAppMessagingSwift-Beta */ = {
			isa = XCSwiftPackageProductDependency;
			package = 0DCBABE82909893F00F65A9E /* XCRemoteSwiftPackageReference "firebase-ios-sdk" */;
			productName = "FirebaseInAppMessagingSwift-Beta";
		};
		0DCBAC0F2909893F00F65A9E /* FirebaseInstallations */ = {
			isa = XCSwiftPackageProductDependency;
			package = 0DCBABE82909893F00F65A9E /* XCRemoteSwiftPackageReference "firebase-ios-sdk" */;
			productName = FirebaseInstallations;
		};
		0DCBAC112909893F00F65A9E /* FirebaseMLModelDownloader */ = {
			isa = XCSwiftPackageProductDependency;
			package = 0DCBABE82909893F00F65A9E /* XCRemoteSwiftPackageReference "firebase-ios-sdk" */;
			productName = FirebaseMLModelDownloader;
		};
		0DCBAC132909893F00F65A9E /* FirebaseMessaging */ = {
			isa = XCSwiftPackageProductDependency;
			package = 0DCBABE82909893F00F65A9E /* XCRemoteSwiftPackageReference "firebase-ios-sdk" */;
			productName = FirebaseMessaging;
		};
		0DCBAC152909893F00F65A9E /* FirebasePerformance */ = {
			isa = XCSwiftPackageProductDependency;
			package = 0DCBABE82909893F00F65A9E /* XCRemoteSwiftPackageReference "firebase-ios-sdk" */;
			productName = FirebasePerformance;
		};
		0DCBAC172909893F00F65A9E /* FirebaseRemoteConfig */ = {
			isa = XCSwiftPackageProductDependency;
			package = 0DCBABE82909893F00F65A9E /* XCRemoteSwiftPackageReference "firebase-ios-sdk" */;
			productName = FirebaseRemoteConfig;
		};
		0DCBAC192909893F00F65A9E /* FirebaseRemoteConfigSwift */ = {
			isa = XCSwiftPackageProductDependency;
			package = 0DCBABE82909893F00F65A9E /* XCRemoteSwiftPackageReference "firebase-ios-sdk" */;
			productName = FirebaseRemoteConfigSwift;
		};
		0DCBAC1B2909893F00F65A9E /* FirebaseStorage */ = {
			isa = XCSwiftPackageProductDependency;
			package = 0DCBABE82909893F00F65A9E /* XCRemoteSwiftPackageReference "firebase-ios-sdk" */;
			productName = FirebaseStorage;
		};
		0DCBAC1D2909893F00F65A9E /* FirebaseStorageCombine-Community */ = {
			isa = XCSwiftPackageProductDependency;
			package = 0DCBABE82909893F00F65A9E /* XCRemoteSwiftPackageReference "firebase-ios-sdk" */;
			productName = "FirebaseStorageCombine-Community";
		};
/* End XCSwiftPackageProductDependency section */
	};
	rootObject = 0D28CF7128FF28380023381B /* Project object */;
}
